PODS:
  - Flutter (1.0.0)
  - phone_number (1.0.0):
    - Flutter
    - PhoneNumberKit/PhoneNumberKitCore (= 3.5.10)
  - PhoneNumberKit/PhoneNumberKitCore (3.5.10)

DEPENDENCIES:
  - Flutter (from `Flutter`)
  - phone_number (from `.symlinks/plugins/phone_number/ios`)
  - PhoneNumberKit/PhoneNumberKitCore (from `https://github.com/marmelroy/PhoneNumberKit`)

EXTERNAL SOURCES:
  Flutter:
    :path: Flutter
  phone_number:
    :path: ".symlinks/plugins/phone_number/ios"
  PhoneNumberKit:
    :git: https://github.com/marmelroy/PhoneNumberKit

CHECKOUT OPTIONS:
  PhoneNumberKit:
    :commit: 684408a1151e833ab3432cf5fa2ed715adf47d30
    :git: https://github.com/marmelroy/PhoneNumberKit

SPEC CHECKSUMS:
  Flutter: f04841e97a9d0b0a8025694d0796dd46242b2854
  phone_number: dcf2253c9ff0b2550ccaaf37e92eaa139e2ef8b4
  PhoneNumberKit: 0e34a6e8a50e4624e96a4710bc4a7211464a934e

PODFILE CHECKSUM: cd94597e5e050ae470e913a5cdf37dba97bb25c4

COCOAPODS: 1.12.1
